
Microsoft Visual Studio Solution File, Format Version 12.00
# Visual Studio Version 17
VisualStudioVersion = 17.8.34511.84
MinimumVisualStudioVersion = 10.0.40219.1
Project("{FAE04EC0-301F-11D3-BF4B-00C04F79EFBC}") = "LiteShop", "LiteShop\LiteShop.csproj", "{4550D6D9-3EE7-4DED-B845-B17EB2D4EA47}"
EndProject
Global
	GlobalSection(SolutionConfigurationPlatforms) = preSolution
		Debug|Any CPU = Debug|Any CPU
		Release|Any CPU = Release|Any CPU
	EndGlobalSection
	GlobalSection(ProjectConfigurationPlatforms) = postSolution
		{4550D6D9-3EE7-4DED-B845-B17EB2D4EA47}.Debug|Any CPU.ActiveCfg = Debug|Any CPU
		{4550D6D9-3EE7-4DED-B845-B17EB2D4EA47}.Debug|Any CPU.Build.0 = Debug|Any CPU
		{4550D6D9-3EE7-4DED-B845-B17EB2D4EA47}.Release|Any CPU.ActiveCfg = Release|Any CPU
		{4550D6D9-3EE7-4DED-B845-B17EB2D4EA47}.Release|Any CPU.Build.0 = Release|Any CPU
	EndGlobalSection
	GlobalSection(SolutionProperties) = preSolution
		HideSolutionNode = FALSE
	EndGlobalSection
	GlobalSection(ExtensibilityGlobals) = postSolution
		SolutionGuid = {5908CAB0-9120-4E0E-BF6E-6EB68DB332CF}
	EndGlobalSection
EndGlobal
